
Microsoft Visual Studio Solution File, Format Version 12.00
# Visual Studio Version 16
VisualStudioVersion = 16.0.29324.140
MinimumVisualStudioVersion = 10.0.40219.1
Project("{FAE04EC0-301F-11D3-BF4B-00C04F79EFBC}") = "EfLesson1", "EfLesson1\EfLesson1.csproj", "{4D4218F9-99F9-4E2D-947B-DDF26BAAE912}"
EndProject
Global
	GlobalSection(SolutionConfigurationPlatforms) = preSolution
		Debug|Any CPU = Debug|Any CPU
		Release|Any CPU = Release|Any CPU
	EndGlobalSection
	GlobalSection(ProjectConfigurationPlatforms) = postSolution
		{4D4218F9-99F9-4E2D-947B-DDF26BAAE912}.Debug|Any CPU.ActiveCfg = Debug|Any CPU
		{4D4218F9-99F9-4E2D-947B-DDF26BAAE912}.Debug|Any CPU.Build.0 = Debug|Any CPU
		{4D4218F9-99F9-4E2D-947B-DDF26BAAE912}.Release|Any CPU.ActiveCfg = Release|Any CPU
		{4D4218F9-99F9-4E2D-947B-DDF26BAAE912}.Release|Any CPU.Build.0 = Release|Any CPU
	EndGlobalSection
	GlobalSection(SolutionProperties) = preSolution
		HideSolutionNode = FALSE
	EndGlobalSection
	GlobalSection(ExtensibilityGlobals) = postSolution
		SolutionGuid = {438D3521-61F1-499D-BD47-BE3B4CC2BA3C}
	EndGlobalSection
EndGlobal
